
Microsoft Visual Studio Solution File, Format Version 12.00
# Visual Studio 14
VisualStudioVersion = 14.0.24720.0
MinimumVisualStudioVersion = 10.0.40219.1
Project("{FAE04EC0-301F-11D3-BF4B-00C04F79EFBC}") = "BdBoss", "BdBoss\BdBoss.csproj", "{C2A954CC-EFBE-4FBC-AC7C-BC108FECE4FA}"
EndProject
Project("{FAE04EC0-301F-11D3-BF4B-00C04F79EFBC}") = "Update", "Update\Update.csproj", "{B05A0D6D-526D-44BC-85EE-78B06466810D}"
EndProject
Global
	GlobalSection(SolutionConfigurationPlatforms) = preSolution
		Debug|Any CPU = Debug|Any CPU
		Release|Any CPU = Release|Any CPU
	EndGlobalSection
	GlobalSection(ProjectConfigurationPlatforms) = postSolution
		{C2A954CC-EFBE-4FBC-AC7C-BC108FECE4FA}.Debug|Any CPU.ActiveCfg = Debug|Any CPU
		{C2A954CC-EFBE-4FBC-AC7C-BC108FECE4FA}.Debug|Any CPU.Build.0 = Debug|Any CPU
		{C2A954CC-EFBE-4FBC-AC7C-BC108FECE4FA}.Release|Any CPU.ActiveCfg = Release|Any CPU
		{C2A954CC-EFBE-4FBC-AC7C-BC108FECE4FA}.Release|Any CPU.Build.0 = Release|Any CPU
		{B05A0D6D-526D-44BC-85EE-78B06466810D}.Debug|Any CPU.ActiveCfg = Debug|Any CPU
		{B05A0D6D-526D-44BC-85EE-78B06466810D}.Debug|Any CPU.Build.0 = Debug|Any CPU
		{B05A0D6D-526D-44BC-85EE-78B06466810D}.Release|Any CPU.ActiveCfg = Release|Any CPU
		{B05A0D6D-526D-44BC-85EE-78B06466810D}.Release|Any CPU.Build.0 = Release|Any CPU
	EndGlobalSection
	GlobalSection(SolutionProperties) = preSolution
		HideSolutionNode = FALSE
	EndGlobalSection
EndGlobal
